
Microsoft Visual Studio Solution File, Format Version 12.00
# Visual Studio Version 17
VisualStudioVersion = 17.4.33403.182
MinimumVisualStudioVersion = 10.0.40219.1
Project("{FAE04EC0-301F-11D3-BF4B-00C04F79EFBC}") = "TableDependencyWithConsoleApp", "TableDependencyWithConsoleApp.csproj", "{900BCB54-E126-4BA1-88D3-0E208EF8692A}"
EndProject
Global
	GlobalSection(SolutionConfigurationPlatforms) = preSolution
		Debug|Any CPU = Debug|Any CPU
		Release|Any CPU = Release|Any CPU
	EndGlobalSection
	GlobalSection(ProjectConfigurationPlatforms) = postSolution
		{900BCB54-E126-4BA1-88D3-0E208EF8692A}.Debug|Any CPU.ActiveCfg = Debug|Any CPU
		{900BCB54-E126-4BA1-88D3-0E208EF8692A}.Debug|Any CPU.Build.0 = Debug|Any CPU
		{900BCB54-E126-4BA1-88D3-0E208EF8692A}.Release|Any CPU.ActiveCfg = Release|Any CPU
		{900BCB54-E126-4BA1-88D3-0E208EF8692A}.Release|Any CPU.Build.0 = Release|Any CPU
	EndGlobalSection
	GlobalSection(SolutionProperties) = preSolution
		HideSolutionNode = FALSE
	EndGlobalSection
	GlobalSection(ExtensibilityGlobals) = postSolution
		SolutionGuid = {0B6301C6-6BED-465A-B365-FA0D1C8D55DC}
	EndGlobalSection
EndGlobal
